PODS:
  - Krampus (0.1.2):
    - Santa (~> 0.2)
  - Santa (0.2.0)

DEPENDENCIES:
  - Krampus (from `../`)

SPEC REPOS:
  trunk:
    - Santa

EXTERNAL SOURCES:
  Krampus:
    :path: "../"

SPEC CHECKSUMS:
  Krampus: 6edfcac23cd9931c9d04a09d7ca61e2535992b48
  Santa: f676cde2f85b744fe28ec084a03f98558264f33e

PODFILE CHECKSUM: f780253d65c14adc5ce2e10ad6a10c66b9f9e120

COCOAPODS: 1.8.3
