PODS:
  - Krampus (0.4.2):
    - Santa (~> 0.5)
  - Santa (0.5.2)

DEPENDENCIES:
  - Krampus (from `../`)

SPEC REPOS:
  trunk:
    - Santa

EXTERNAL SOURCES:
  Krampus:
    :path: "../"

SPEC CHECKSUMS:
  Krampus: a51badc30cd4a6b94e19194abf2c40d37dc37f72
  Santa: 24e6f31dc0482f4d66aed451570996a873e14532

PODFILE CHECKSUM: f780253d65c14adc5ce2e10ad6a10c66b9f9e120

COCOAPODS: 1.9.3
