PODS:
  - Krampus (0.1.0):
    - Santa (~> 0.1)
  - Santa (0.1.0)

DEPENDENCIES:
  - Krampus (from `../`)

SPEC REPOS:
  trunk:
    - Santa

EXTERNAL SOURCES:
  Krampus:
    :path: "../"

SPEC CHECKSUMS:
  Krampus: 654c2b9a185618f01f829217d0c1b72e23531e19
  Santa: ab939a9a34dd32fa32406ccac8826c9d746afe3d

PODFILE CHECKSUM: f780253d65c14adc5ce2e10ad6a10c66b9f9e120

COCOAPODS: 1.8.3
